// !$*UTF8*$!
{
	archiveVersion = 1;
	classes = {
	};
	objectVersion = 50;
	objects = {

/* Begin PBXBuildFile section */
		95BCAF8A21B7E95D0093E73F /* CustomPageViewController.swift in Sources */ = {isa = PBXBuildFile; fileRef = 95BCAF8921B7E95D0093E73F /* CustomPageViewController.swift */; };
		95BCAF8C21B7FACC0093E73F /* WalkthroughContainer.storyboard in Resources */ = {isa = PBXBuildFile; fileRef = 95BCAF8B21B7FACC0093E73F /* WalkthroughContainer.storyboard */; };
		95BCAF8E21B7FE420093E73F /* MainStartScreenViewController.swift in Sources */ = {isa = PBXBuildFile; fileRef = 95BCAF8D21B7FE420093E73F /* MainStartScreenViewController.swift */; };
		95DF5B1421B3DEC600AD7DDC /* AppDelegate.swift in Sources */ = {isa = PBXBuildFile; fileRef = 95DF5B1321B3DEC600AD7DDC /* AppDelegate.swift */; };
		95DF5B1621B3DEC600AD7DDC /* ViewController.swift in Sources */ = {isa = PBXBuildFile; fileRef = 95DF5B1521B3DEC600AD7DDC /* ViewController.swift */; };
		95DF5B1921B3DEC600AD7DDC /* Main.storyboard in Resources */ = {isa = PBXBuildFile; fileRef = 95DF5B1721B3DEC600AD7DDC /* Main.storyboard */; };
		95DF5B1E21B3DEC900AD7DDC /* Assets.xcassets in Resources */ = {isa = PBXBuildFile; fileRef = 95DF5B1D21B3DEC900AD7DDC /* Assets.xcassets */; };
		95DF5B2121B3DEC900AD7DDC /* LaunchScreen.storyboard in Resources */ = {isa = PBXBuildFile; fileRef = 95DF5B1F21B3DEC900AD7DDC /* LaunchScreen.storyboard */; };
		95DF5B2A21B3DF3500AD7DDC /* formClass.swift in Sources */ = {isa = PBXBuildFile; fileRef = 95DF5B2921B3DF3500AD7DDC /* formClass.swift */; };
		CC1147771DF3598CADEA6EB9 /* Pods_SociaalVerhaalApp.framework in Frameworks */ = {isa = PBXBuildFile; fileRef = 9F93706F84B1FDD7017B1236 /* Pods_SociaalVerhaalApp.framework */; };
/* End PBXBuildFile section */

/* Begin PBXFileReference section */
		396CC667532A73004D6280CB /* Pods-SociaalVerhaalApp.release.xcconfig */ = {isa = PBXFileReference; includeInIndex = 1; lastKnownFileType = text.xcconfig; name = "Pods-SociaalVerhaalApp.release.xcconfig"; path = "Pods/Target Support Files/Pods-SociaalVerhaalApp/Pods-SociaalVerhaalApp.release.xcconfig"; sourceTree = "<group>"; };
		60B1D24264987AD3FAE67C71 /* Pods-SociaalVerhaalApp.debug.xcconfig */ = {isa = PBXFileReference; includeInIndex = 1; lastKnownFileType = text.xcconfig; name = "Pods-SociaalVerhaalApp.debug.xcconfig"; path = "Pods/Target Support Files/Pods-SociaalVerhaalApp/Pods-SociaalVerhaalApp.debug.xcconfig"; sourceTree = "<group>"; };
		95BCAF8921B7E95D0093E73F /* CustomPageViewController.swift */ = {isa = PBXFileReference; lastKnownFileType = sourcecode.swift; path = CustomPageViewController.swift; sourceTree = "<group>"; };
		95BCAF8B21B7FACC0093E73F /* WalkthroughContainer.storyboard */ = {isa = PBXFileReference; lastKnownFileType = file.storyboard; path = WalkthroughContainer.storyboard; sourceTree = "<group>"; };
		95BCAF8D21B7FE420093E73F /* MainStartScreenViewController.swift */ = {isa = PBXFileReference; lastKnownFileType = sourcecode.swift; path = MainStartScreenViewController.swift; sourceTree = "<group>"; };
		95DF5B1021B3DEC600AD7DDC /* SociaalVerhaalApp.app */ = {isa = PBXFileReference; explicitFileType = wrapper.application; includeInIndex = 0; path = SociaalVerhaalApp.app; sourceTree = BUILT_PRODUCTS_DIR; };
		95DF5B1321B3DEC600AD7DDC /* AppDelegate.swift */ = {isa = PBXFileReference; lastKnownFileType = sourcecode.swift; path = AppDelegate.swift; sourceTree = "<group>"; };
		95DF5B1521B3DEC600AD7DDC /* ViewController.swift */ = {isa = PBXFileReference; lastKnownFileType = sourcecode.swift; path = ViewController.swift; sourceTree = "<group>"; };
		95DF5B1821B3DEC600AD7DDC /* Base */ = {isa = PBXFileReference; lastKnownFileType = file.storyboard; name = Base; path = Base.lproj/Main.storyboard; sourceTree = "<group>"; };
		95DF5B1D21B3DEC900AD7DDC /* Assets.xcassets */ = {isa = PBXFileReference; lastKnownFileType = folder.assetcatalog; path = Assets.xcassets; sourceTree = "<group>"; };
		95DF5B2021B3DEC900AD7DDC /* Base */ = {isa = PBXFileReference; lastKnownFileType = file.storyboard; name = Base; path = Base.lproj/LaunchScreen.storyboard; sourceTree = "<group>"; };
		95DF5B2221B3DEC900AD7DDC /* Info.plist */ = {isa = PBXFileReference; lastKnownFileType = text.plist.xml; path = Info.plist; sourceTree = "<group>"; };
		95DF5B2921B3DF3500AD7DDC /* formClass.swift */ = {isa = PBXFileReference; lastKnownFileType = sourcecode.swift; path = formClass.swift; sourceTree = "<group>"; };
		9F93706F84B1FDD7017B1236 /* Pods_SociaalVerhaalApp.framework */ = {isa = PBXFileReference; explicitFileType = wrapper.framework; includeInIndex = 0; path = Pods_SociaalVerhaalApp.framework; sourceTree = BUILT_PRODUCTS_DIR; };
/* End PBXFileReference section */

/* Begin PBXFrameworksBuildPhase section */
		95DF5B0D21B3DEC600AD7DDC /* Frameworks */ = {
			isa = PBXFrameworksBuildPhase;
			buildActionMask = 2147483647;
			files = (
				CC1147771DF3598CADEA6EB9 /* Pods_SociaalVerhaalApp.framework in Frameworks */,
			);
			runOnlyForDeploymentPostprocessing = 0;
		};
/* End PBXFrameworksBuildPhase section */

/* Begin PBXGroup section */
		937CA112BE4233499B45B666 /* Pods */ = {
			isa = PBXGroup;
			children = (
				60B1D24264987AD3FAE67C71 /* Pods-SociaalVerhaalApp.debug.xcconfig */,
				396CC667532A73004D6280CB /* Pods-SociaalVerhaalApp.release.xcconfig */,
			);
			name = Pods;
			sourceTree = "<group>";
		};
		95983F3D21B6B92300AA61F5 /* StartScreen */ = {
			isa = PBXGroup;
			children = (
				95BCAF8921B7E95D0093E73F /* CustomPageViewController.swift */,
				95BCAF8B21B7FACC0093E73F /* WalkthroughContainer.storyboard */,
				95BCAF8D21B7FE420093E73F /* MainStartScreenViewController.swift */,
			);
			path = StartScreen;
			sourceTree = "<group>";
		};
		95A863CF21B6BF64009128C6 /* Application */ = {
			isa = PBXGroup;
			children = (
				95DF5B1321B3DEC600AD7DDC /* AppDelegate.swift */,
			);
			path = Application;
			sourceTree = "<group>";
		};
		95DF5B0721B3DEC600AD7DDC = {
			isa = PBXGroup;
			children = (
				95DF5B1221B3DEC600AD7DDC /* SociaalVerhaalApp */,
				95DF5B1121B3DEC600AD7DDC /* Products */,
				937CA112BE4233499B45B666 /* Pods */,
				AB5588ADEFBFFC18E0BED2A2 /* Frameworks */,
			);
			sourceTree = "<group>";
		};
		95DF5B1121B3DEC600AD7DDC /* Products */ = {
			isa = PBXGroup;
			children = (
				95DF5B1021B3DEC600AD7DDC /* SociaalVerhaalApp.app */,
			);
			name = Products;
			sourceTree = "<group>";
		};
		95DF5B1221B3DEC600AD7DDC /* SociaalVerhaalApp */ = {
			isa = PBXGroup;
			children = (
				95A863CF21B6BF64009128C6 /* Application */,
				95983F3D21B6B92300AA61F5 /* StartScreen */,
				95DF5B2821B3DF0F00AD7DDC /* InfoClasses */,
				95DF5B1521B3DEC600AD7DDC /* ViewController.swift */,
				95DF5B1721B3DEC600AD7DDC /* Main.storyboard */,
				95DF5B1D21B3DEC900AD7DDC /* Assets.xcassets */,
				95DF5B1F21B3DEC900AD7DDC /* LaunchScreen.storyboard */,
				95DF5B2221B3DEC900AD7DDC /* Info.plist */,
			);
			path = SociaalVerhaalApp;
			sourceTree = "<group>";
		};
		95DF5B2821B3DF0F00AD7DDC /* InfoClasses */ = {
			isa = PBXGroup;
			children = (
				95DF5B2921B3DF3500AD7DDC /* formClass.swift */,
			);
			path = InfoClasses;
			sourceTree = "<group>";
		};
		AB5588ADEFBFFC18E0BED2A2 /* Frameworks */ = {
			isa = PBXGroup;
			children = (
				9F93706F84B1FDD7017B1236 /* Pods_SociaalVerhaalApp.framework */,
			);
			name = Frameworks;
			sourceTree = "<group>";
		};
/* End PBXGroup section */

/* Begin PBXNativeTarget section */
		95DF5B0F21B3DEC600AD7DDC /* SociaalVerhaalApp */ = {
			isa = PBXNativeTarget;
			buildConfigurationList = 95DF5B2521B3DEC900AD7DDC /* Build configuration list for PBXNativeTarget "SociaalVerhaalApp" */;
			buildPhases = (
				BBE283450717EA3CB1B8F911 /* [CP] Check Pods Manifest.lock */,
				95DF5B0C21B3DEC600AD7DDC /* Sources */,
				95DF5B0D21B3DEC600AD7DDC /* Frameworks */,
				95DF5B0E21B3DEC600AD7DDC /* Resources */,
				124F2935DD8A45CD3A63124C /* [CP] Embed Pods Frameworks */,
			);
			buildRules = (
			);
			dependencies = (
			);
			name = SociaalVerhaalApp;
			productName = SociaalVerhaalApp;
			productReference = 95DF5B1021B3DEC600AD7DDC /* SociaalVerhaalApp.app */;
			productType = "com.apple.product-type.application";
		};
/* End PBXNativeTarget section */

/* Begin PBXProject section */
		95DF5B0821B3DEC600AD7DDC /* Project object */ = {
			isa = PBXProject;
			attributes = {
				LastSwiftUpdateCheck = 1010;
				LastUpgradeCheck = 1010;
				ORGANIZATIONNAME = "Michiel Everts";
				TargetAttributes = {
					95DF5B0F21B3DEC600AD7DDC = {
						CreatedOnToolsVersion = 10.1;
					};
				};
			};
			buildConfigurationList = 95DF5B0B21B3DEC600AD7DDC /* Build configuration list for PBXProject "SociaalVerhaalApp" */;
			compatibilityVersion = "Xcode 9.3";
			developmentRegion = en;
			hasScannedForEncodings = 0;
			knownRegions = (
				en,
				Base,
				nl,
			);
			mainGroup = 95DF5B0721B3DEC600AD7DDC;
			productRefGroup = 95DF5B1121B3DEC600AD7DDC /* Products */;
			projectDirPath = "";
			projectRoot = "";
			targets = (
				95DF5B0F21B3DEC600AD7DDC /* SociaalVerhaalApp */,
			);
		};
/* End PBXProject section */

/* Begin PBXResourcesBuildPhase section */
		95DF5B0E21B3DEC600AD7DDC /* Resources */ = {
			isa = PBXResourcesBuildPhase;
			buildActionMask = 2147483647;
			files = (
				95DF5B2121B3DEC900AD7DDC /* LaunchScreen.storyboard in Resources */,
				95BCAF8C21B7FACC0093E73F /* WalkthroughContainer.storyboard in Resources */,
				95DF5B1E21B3DEC900AD7DDC /* Assets.xcassets in Resources */,
				95DF5B1921B3DEC600AD7DDC /* Main.storyboard in Resources */,
			);
			runOnlyForDeploymentPostprocessing = 0;
		};
/* End PBXResourcesBuildPhase section */

/* Begin PBXShellScriptBuildPhase section */
		124F2935DD8A45CD3A63124C /* [CP] Embed Pods Frameworks */ = {
			isa = PBXShellScriptBuildPhase;
			buildActionMask = 2147483647;
			files = (
			);
			inputPaths = (
				"${SRCROOT}/Pods/Target Support Files/Pods-SociaalVerhaalApp/Pods-SociaalVerhaalApp-frameworks.sh",
				"${BUILT_PRODUCTS_DIR}/BWWalkthrough/BWWalkthrough.framework",
			);
			name = "[CP] Embed Pods Frameworks";
			outputPaths = (
				"${TARGET_BUILD_DIR}/${FRAMEWORKS_FOLDER_PATH}/BWWalkthrough.framework",
			);
			runOnlyForDeploymentPostprocessing = 0;
			shellPath = /bin/sh;
			shellScript = "\"${SRCROOT}/Pods/Target Support Files/Pods-SociaalVerhaalApp/Pods-SociaalVerhaalApp-frameworks.sh\"\n";
			showEnvVarsInLog = 0;
		};
		BBE283450717EA3CB1B8F911 /* [CP] Check Pods Manifest.lock */ = {
			isa = PBXShellScriptBuildPhase;
			buildActionMask = 2147483647;
			files = (
			);
			inputPaths = (
				"${PODS_PODFILE_DIR_PATH}/Podfile.lock",
				"${PODS_ROOT}/Manifest.lock",
			);
			name = "[CP] Check Pods Manifest.lock";
			outputPaths = (
				"$(DERIVED_FILE_DIR)/Pods-SociaalVerhaalApp-checkManifestLockResult.txt",
			);
			runOnlyForDeploymentPostprocessing = 0;
			shellPath = /bin/sh;
			shellScript = "diff \"${PODS_PODFILE_DIR_PATH}/Podfile.lock\" \"${PODS_ROOT}/Manifest.lock\" > /dev/null\nif [ $? != 0 ] ; then\n    # print error to STDERR\n    echo \"error: The sandbox is not in sync with the Podfile.lock. Run 'pod install' or update your CocoaPods installation.\" >&2\n    exit 1\nfi\n# This output is used by Xcode 'outputs' to avoid re-running this script phase.\necho \"SUCCESS\" > \"${SCRIPT_OUTPUT_FILE_0}\"\n";
			showEnvVarsInLog = 0;
		};
/* End PBXShellScriptBuildPhase section */

/* Begin PBXSourcesBuildPhase section */
		95DF5B0C21B3DEC600AD7DDC /* Sources */ = {
			isa = PBXSourcesBuildPhase;
			buildActionMask = 2147483647;
			files = (
				95DF5B2A21B3DF3500AD7DDC /* formClass.swift in Sources */,
				95BCAF8A21B7E95D0093E73F /* CustomPageViewController.swift in Sources */,
				95DF5B1621B3DEC600AD7DDC /* ViewController.swift in Sources */,
				95DF5B1421B3DEC600AD7DDC /* AppDelegate.swift in Sources */,
				95BCAF8E21B7FE420093E73F /* MainStartScreenViewController.swift in Sources */,
			);
			runOnlyForDeploymentPostprocessing = 0;
		};
/* End PBXSourcesBuildPhase section */

/* Begin PBXVariantGroup section */
		95DF5B1721B3DEC600AD7DDC /* Main.storyboard */ = {
			isa = PBXVariantGroup;
			children = (
				95DF5B1821B3DEC600AD7DDC /* Base */,
			);
			name = Main.storyboard;
			sourceTree = "<group>";
		};
		95DF5B1F21B3DEC900AD7DDC /* LaunchScreen.storyboard */ = {
			isa = PBXVariantGroup;
			children = (
				95DF5B2021B3DEC900AD7DDC /* Base */,
			);
			name = LaunchScreen.storyboard;
			sourceTree = "<group>";
		};
/* End PBXVariantGroup section */

/* Begin XCBuildConfiguration section */
		95DF5B2321B3DEC900AD7DDC /* Debug */ = {
			isa = XCBuildConfiguration;
			buildSettings = {
				ALWAYS_SEARCH_USER_PATHS = NO;
				CLANG_ANALYZER_LOCALIZABILITY_NONLOCALIZED = YES;
				CLANG_ANALYZER_NONNULL = YES;
				CLANG_ANALYZER_NUMBER_OBJECT_CONVERSION = YES_AGGRESSIVE;
				CLANG_CXX_LANGUAGE_STANDARD = "gnu++14";
				CLANG_CXX_LIBRARY = "libc++";
				CLANG_ENABLE_MODULES = YES;
				CLANG_ENABLE_OBJC_ARC = YES;
				CLANG_ENABLE_OBJC_WEAK = YES;
				CLANG_WARN_BLOCK_CAPTURE_AUTORELEASING = YES;
				CLANG_WARN_BOOL_CONVERSION = YES;
				CLANG_WARN_COMMA = YES;
				CLANG_WARN_CONSTANT_CONVERSION = YES;
				CLANG_WARN_DEPRECATED_OBJC_IMPLEMENTATIONS = YES;
				CLANG_WARN_DIRECT_OBJC_ISA_USAGE = YES_ERROR;
				CLANG_WARN_DOCUMENTATION_COMMENTS = YES;
				CLANG_WARN_EMPTY_BODY = YES;
				CLANG_WARN_ENUM_CONVERSION = YES;
				CLANG_WARN_INFINITE_RECURSION = YES;
				CLANG_WARN_INT_CONVERSION = YES;
				CLANG_WARN_NON_LITERAL_NULL_CONVERSION = YES;
				CLANG_WARN_OBJC_IMPLICIT_RETAIN_SELF = YES;
				CLANG_WARN_OBJC_LITERAL_CONVERSION = YES;
				CLANG_WARN_OBJC_ROOT_CLASS = YES_ERROR;
				CLANG_WARN_RANGE_LOOP_ANALYSIS = YES;
				CLANG_WARN_STRICT_PROTOTYPES = YES;
				CLANG_WARN_SUSPICIOUS_MOVE = YES;
				CLANG_WARN_UNGUARDED_AVAILABILITY = YES_AGGRESSIVE;
				CLANG_WARN_UNREACHABLE_CODE = YES;
				CLANG_WARN__DUPLICATE_METHOD_MATCH = YES;
				CODE_SIGN_IDENTITY = "iPhone Developer";
				COPY_PHASE_STRIP = NO;
				DEBUG_INFORMATION_FORMAT = dwarf;
				ENABLE_STRICT_OBJC_MSGSEND = YES;
				ENABLE_TESTABILITY = YES;
				GCC_C_LANGUAGE_STANDARD = gnu11;
				GCC_DYNAMIC_NO_PIC = NO;
				GCC_NO_COMMON_BLOCKS = YES;
				GCC_OPTIMIZATION_LEVEL = 0;
				GCC_PREPROCESSOR_DEFINITIONS = (
					"DEBUG=1",
					"$(inherited)",
				);
				GCC_WARN_64_TO_32_BIT_CONVERSION = YES;
				GCC_WARN_ABOUT_RETURN_TYPE = YES_ERROR;
				GCC_WARN_UNDECLARED_SELECTOR = YES;
				GCC_WARN_UNINITIALIZED_AUTOS = YES_AGGRESSIVE;
				GCC_WARN_UNUSED_FUNCTION = YES;
				GCC_WARN_UNUSED_VARIABLE = YES;
				IPHONEOS_DEPLOYMENT_TARGET = 12.1;
				MTL_ENABLE_DEBUG_INFO = INCLUDE_SOURCE;
				MTL_FAST_MATH = YES;
				ONLY_ACTIVE_ARCH = YES;
				SDKROOT = iphoneos;
				SWIFT_ACTIVE_COMPILATION_CONDITIONS = DEBUG;
				SWIFT_OPTIMIZATION_LEVEL = "-Onone";
			};
			name = Debug;
		};
		95DF5B2421B3DEC900AD7DDC /* Release */ = {
			isa = XCBuildConfiguration;
			buildSettings = {
				ALWAYS_SEARCH_USER_PATHS = NO;
				CLANG_ANALYZER_LOCALIZABILITY_NONLOCALIZED = YES;
				CLANG_ANALYZER_NONNULL = YES;
				CLANG_ANALYZER_NUMBER_OBJECT_CONVERSION = YES_AGGRESSIVE;
				CLANG_CXX_LANGUAGE_STANDARD = "gnu++14";
				CLANG_CXX_LIBRARY = "libc++";
				CLANG_ENABLE_MODULES = YES;
				CLANG_ENABLE_OBJC_ARC = YES;
				CLANG_ENABLE_OBJC_WEAK = YES;
				CLANG_WARN_BLOCK_CAPTURE_AUTORELEASING = YES;
				CLANG_WARN_BOOL_CONVERSION = YES;
				CLANG_WARN_COMMA = YES;
				CLANG_WARN_CONSTANT_CONVERSION = YES;
				CLANG_WARN_DEPRECATED_OBJC_IMPLEMENTATIONS = YES;
				CLANG_WARN_DIRECT_OBJC_ISA_USAGE = YES_ERROR;
				CLANG_WARN_DOCUMENTATION_COMMENTS = YES;
				CLANG_WARN_EMPTY_BODY = YES;
				CLANG_WARN_ENUM_CONVERSION = YES;
				CLANG_WARN_INFINITE_RECURSION = YES;
				CLANG_WARN_INT_CONVERSION = YES;
				CLANG_WARN_NON_LITERAL_NULL_CONVERSION = YES;
				CLANG_WARN_OBJC_IMPLICIT_RETAIN_SELF = YES;
				CLANG_WARN_OBJC_LITERAL_CONVERSION = YES;
				CLANG_WARN_OBJC_ROOT_CLASS = YES_ERROR;
				CLANG_WARN_RANGE_LOOP_ANALYSIS = YES;
				CLANG_WARN_STRICT_PROTOTYPES = YES;
				CLANG_WARN_SUSPICIOUS_MOVE = YES;
				CLANG_WARN_UNGUARDED_AVAILABILITY = YES_AGGRESSIVE;
				CLANG_WARN_UNREACHABLE_CODE = YES;
				CLANG_WARN__DUPLICATE_METHOD_MATCH = YES;
				CODE_SIGN_IDENTITY = "iPhone Developer";
				COPY_PHASE_STRIP = NO;
				DEBUG_INFORMATION_FORMAT = "dwarf-with-dsym";
				ENABLE_NS_ASSERTIONS = NO;
				ENABLE_STRICT_OBJC_MSGSEND = YES;
				GCC_C_LANGUAGE_STANDARD = gnu11;
				GCC_NO_COMMON_BLOCKS = YES;
				GCC_WARN_64_TO_32_BIT_CONVERSION = YES;
				GCC_WARN_ABOUT_RETURN_TYPE = YES_ERROR;
				GCC_WARN_UNDECLARED_SELECTOR = YES;
				GCC_WARN_UNINITIALIZED_AUTOS = YES_AGGRESSIVE;
				GCC_WARN_UNUSED_FUNCTION = YES;
				GCC_WARN_UNUSED_VARIABLE = YES;
				IPHONEOS_DEPLOYMENT_TARGET = 12.1;
				MTL_ENABLE_DEBUG_INFO = NO;
				MTL_FAST_MATH = YES;
				SDKROOT = iphoneos;
				SWIFT_COMPILATION_MODE = wholemodule;
				SWIFT_OPTIMIZATION_LEVEL = "-O";
				VALIDATE_PRODUCT = YES;
			};
			name = Release;
		};
		95DF5B2621B3DEC900AD7DDC /* Debug */ = {
			isa = XCBuildConfiguration;
			baseConfigurationReference = 60B1D24264987AD3FAE67C71 /* Pods-SociaalVerhaalApp.debug.xcconfig */;
			buildSettings = {
				ASSETCATALOG_COMPILER_APPICON_NAME = AppIcon;
				CODE_SIGN_STYLE = Automatic;
				DEVELOPMENT_TEAM = VCZE6C65XV;
				INFOPLIST_FILE = SociaalVerhaalApp/Info.plist;
				LD_RUNPATH_SEARCH_PATHS = (
					"$(inherited)",
					"@executable_path/Frameworks",
				);
				PRODUCT_BUNDLE_IDENTIFIER = SV.SociaalVerhaalApp;
				PRODUCT_NAME = "$(TARGET_NAME)";
				SWIFT_VERSION = 4.2;
				TARGETED_DEVICE_FAMILY = "1,2";
			};
			name = Debug;
		};
		95DF5B2721B3DEC900AD7DDC /* Release */ = {
			isa = XCBuildConfiguration;
			baseConfigurationReference = 396CC667532A73004D6280CB /* Pods-SociaalVerhaalApp.release.xcconfig */;
			buildSettings = {
				ASSETCATALOG_COMPILER_APPICON_NAME = AppIcon;
				CODE_SIGN_STYLE = Automatic;
				DEVELOPMENT_TEAM = VCZE6C65XV;
				INFOPLIST_FILE = SociaalVerhaalApp/Info.plist;
				LD_RUNPATH_SEARCH_PATHS = (
					"$(inherited)",
					"@executable_path/Frameworks",
				);
				PRODUCT_BUNDLE_IDENTIFIER = SV.SociaalVerhaalApp;
				PRODUCT_NAME = "$(TARGET_NAME)";
				SWIFT_VERSION = 4.2;
				TARGETED_DEVICE_FAMILY = "1,2";
			};
			name = Release;
		};
/* End XCBuildConfiguration section */

/* Begin XCConfigurationList section */
		95DF5B0B21B3DEC600AD7DDC /* Build configuration list for PBXProject "SociaalVerhaalApp" */ = {
			isa = XCConfigurationList;
			buildConfigurations = (
				95DF5B2321B3DEC900AD7DDC /* Debug */,
				95DF5B2421B3DEC900AD7DDC /* Release */,
			);
			defaultConfigurationIsVisible = 0;
			defaultConfigurationName = Release;
		};
		95DF5B2521B3DEC900AD7DDC /* Build configuration list for PBXNativeTarget "SociaalVerhaalApp" */ = {
			isa = XCConfigurationList;
			buildConfigurations = (
				95DF5B2621B3DEC900AD7DDC /* Debug */,
				95DF5B2721B3DEC900AD7DDC /* Release */,
			);
			defaultConfigurationIsVisible = 0;
			defaultConfigurationName = Release;
		};
/* End XCConfigurationList section */
	};
	rootObject = 95DF5B0821B3DEC600AD7DDC /* Project object */;
}
